
Microsoft Visual Studio Solution File, Format Version 12.00
# Visual Studio 2013
VisualStudioVersion = 12.0.30723.0
MinimumVisualStudioVersion = 10.0.40219.1
Project("{FAE04EC0-301F-11D3-BF4B-00C04F79EFBC}") = "MVC", "MVC\MVC.csproj", "{B591BA58-16AD-448F-AB73-8D36111C4512}"
EndProject
Project("{FAE04EC0-301F-11D3-BF4B-00C04F79EFBC}") = "KendoUIBootstrap", "KendoUIBootstrap\KendoUIBootstrap.csproj", "{AC99FF28-F93C-4299-AE2A-DEF7E33F542C}"
EndProject
Project("{FAE04EC0-301F-11D3-BF4B-00C04F79EFBC}") = "SBAdmin", "SBAdmin\SBAdmin.csproj", "{C0E7BC84-08FB-4E4A-8CF9-9373E994953C}"
EndProject
Project("{FAE04EC0-301F-11D3-BF4B-00C04F79EFBC}") = "SBAdminMVC", "SBAdminMVC\SBAdminMVC.csproj", "{8DD6901A-FE11-44EC-BFF7-B0DD1E8732ED}"
EndProject
Global
	GlobalSection(TeamFoundationVersionControl) = preSolution
		SccNumberOfProjects = 5
		SccEnterpriseProvider = {4CA58AB2-18FA-4F8D-95D4-32DDF27D184C}
		SccTeamFoundationServer = https://newcalc.visualstudio.com/defaultcollection
		SccLocalPath0 = .
		SccProjectUniqueName1 = MVC\\MVC.csproj
		SccProjectName1 = MVC
		SccLocalPath1 = MVC
		SccProjectUniqueName2 = KendoUIBootstrap\\KendoUIBootstrap.csproj
		SccProjectName2 = KendoUIBootstrap
		SccLocalPath2 = KendoUIBootstrap
		SccProjectUniqueName3 = SBAdmin\\SBAdmin.csproj
		SccProjectName3 = SBAdmin
		SccLocalPath3 = SBAdmin
		SccProjectUniqueName4 = SBAdminMVC\\SBAdminMVC.csproj
		SccProjectName4 = SBAdminMVC
		SccLocalPath4 = SBAdminMVC
	EndGlobalSection
	GlobalSection(SolutionConfigurationPlatforms) = preSolution
		Debug|Any CPU = Debug|Any CPU
		Release|Any CPU = Release|Any CPU
	EndGlobalSection
	GlobalSection(ProjectConfigurationPlatforms) = postSolution
		{B591BA58-16AD-448F-AB73-8D36111C4512}.Debug|Any CPU.ActiveCfg = Debug|Any CPU
		{B591BA58-16AD-448F-AB73-8D36111C4512}.Debug|Any CPU.Build.0 = Debug|Any CPU
		{B591BA58-16AD-448F-AB73-8D36111C4512}.Release|Any CPU.ActiveCfg = Release|Any CPU
		{B591BA58-16AD-448F-AB73-8D36111C4512}.Release|Any CPU.Build.0 = Release|Any CPU
		{AC99FF28-F93C-4299-AE2A-DEF7E33F542C}.Debug|Any CPU.ActiveCfg = Debug|Any CPU
		{AC99FF28-F93C-4299-AE2A-DEF7E33F542C}.Debug|Any CPU.Build.0 = Debug|Any CPU
		{AC99FF28-F93C-4299-AE2A-DEF7E33F542C}.Release|Any CPU.ActiveCfg = Release|Any CPU
		{AC99FF28-F93C-4299-AE2A-DEF7E33F542C}.Release|Any CPU.Build.0 = Release|Any CPU
		{C0E7BC84-08FB-4E4A-8CF9-9373E994953C}.Debug|Any CPU.ActiveCfg = Debug|Any CPU
		{C0E7BC84-08FB-4E4A-8CF9-9373E994953C}.Debug|Any CPU.Build.0 = Debug|Any CPU
		{C0E7BC84-08FB-4E4A-8CF9-9373E994953C}.Release|Any CPU.ActiveCfg = Release|Any CPU
		{C0E7BC84-08FB-4E4A-8CF9-9373E994953C}.Release|Any CPU.Build.0 = Release|Any CPU
		{8DD6901A-FE11-44EC-BFF7-B0DD1E8732ED}.Debug|Any CPU.ActiveCfg = Debug|Any CPU
		{8DD6901A-FE11-44EC-BFF7-B0DD1E8732ED}.Debug|Any CPU.Build.0 = Debug|Any CPU
		{8DD6901A-FE11-44EC-BFF7-B0DD1E8732ED}.Release|Any CPU.ActiveCfg = Release|Any CPU
		{8DD6901A-FE11-44EC-BFF7-B0DD1E8732ED}.Release|Any CPU.Build.0 = Release|Any CPU
	EndGlobalSection
	GlobalSection(SolutionProperties) = preSolution
		HideSolutionNode = FALSE
	EndGlobalSection
EndGlobal
